
Microsoft Visual Studio Solution File, Format Version 12.00
# Visual Studio 15
VisualStudioVersion = 15.0.28307.645
MinimumVisualStudioVersion = 10.0.40219.1
Project("{FAE04EC0-301F-11D3-BF4B-00C04F79EFBC}") = "DontTouch.Android", "DontTouch\DontTouch.Android\DontTouch.Android.csproj", "{EA7EDBC9-D4CE-412D-B212-24F9EBCA2AED}"
EndProject
Project("{FAE04EC0-301F-11D3-BF4B-00C04F79EFBC}") = "DontTouch", "DontTouch\DontTouch\DontTouch.csproj", "{800DD688-6774-41A9-87C3-FCD658D68A86}"
EndProject
Global
	GlobalSection(SolutionConfigurationPlatforms) = preSolution
		Debug|Any CPU = Debug|Any CPU
		Release|Any CPU = Release|Any CPU
	EndGlobalSection
	GlobalSection(ProjectConfigurationPlatforms) = postSolution
		{EA7EDBC9-D4CE-412D-B212-24F9EBCA2AED}.Debug|Any CPU.ActiveCfg = Debug|Any CPU
		{EA7EDBC9-D4CE-412D-B212-24F9EBCA2AED}.Debug|Any CPU.Build.0 = Debug|Any CPU
		{EA7EDBC9-D4CE-412D-B212-24F9EBCA2AED}.Debug|Any CPU.Deploy.0 = Debug|Any CPU
		{EA7EDBC9-D4CE-412D-B212-24F9EBCA2AED}.Release|Any CPU.ActiveCfg = Release|Any CPU
		{EA7EDBC9-D4CE-412D-B212-24F9EBCA2AED}.Release|Any CPU.Build.0 = Release|Any CPU
		{EA7EDBC9-D4CE-412D-B212-24F9EBCA2AED}.Release|Any CPU.Deploy.0 = Release|Any CPU
		{800DD688-6774-41A9-87C3-FCD658D68A86}.Debug|Any CPU.ActiveCfg = Debug|Any CPU
		{800DD688-6774-41A9-87C3-FCD658D68A86}.Debug|Any CPU.Build.0 = Debug|Any CPU
		{800DD688-6774-41A9-87C3-FCD658D68A86}.Debug|Any CPU.Deploy.0 = Debug|Any CPU
		{800DD688-6774-41A9-87C3-FCD658D68A86}.Release|Any CPU.ActiveCfg = Release|Any CPU
		{800DD688-6774-41A9-87C3-FCD658D68A86}.Release|Any CPU.Build.0 = Release|Any CPU
		{800DD688-6774-41A9-87C3-FCD658D68A86}.Release|Any CPU.Deploy.0 = Release|Any CPU
	EndGlobalSection
	GlobalSection(SolutionProperties) = preSolution
		HideSolutionNode = FALSE
	EndGlobalSection
	GlobalSection(ExtensibilityGlobals) = postSolution
		SolutionGuid = {ED286ACD-FD32-4800-8E65-F749AFAFC8A0}
	EndGlobalSection
EndGlobal
